
Microsoft Visual Studio Solution File, Format Version 12.00
# Visual Studio 15
Project("{FAE04EC0-301F-11D3-BF4B-00C04F79EFBC}") = "Febucci.TextAnimator.Runtime", "Febucci.TextAnimator.Runtime.csproj", "{2DED94AF-B7F3-6BE0-5122-F76869C83BA4}"
EndProject
Project("{FAE04EC0-301F-11D3-BF4B-00C04F79EFBC}") = "Google.Play.Games", "Google.Play.Games.csproj", "{241D6753-BB27-9D9D-4A64-6E68B23C5172}"
EndProject
Project("{FAE04EC0-301F-11D3-BF4B-00C04F79EFBC}") = "Assembly-CSharp", "Assembly-CSharp.csproj", "{F3263100-A7EA-F2FA-8BBA-59C4F2068278}"
EndProject
Project("{FAE04EC0-301F-11D3-BF4B-00C04F79EFBC}") = "Google.Play.Games.Editor", "Google.Play.Games.Editor.csproj", "{E4056AD6-E5A7-8447-67D4-BCC58D2EF10D}"
EndProject
Project("{FAE04EC0-301F-11D3-BF4B-00C04F79EFBC}") = "AllIn1SpriteShaderAssembly", "AllIn1SpriteShaderAssembly.csproj", "{AB0B18B9-3290-AEA5-B003-A43EA871AC92}"
EndProject
Project("{FAE04EC0-301F-11D3-BF4B-00C04F79EFBC}") = "Febucci.TextAnimator.Editor", "Febucci.TextAnimator.Editor.csproj", "{B60518A3-571B-20A6-EE9F-F28DF3FE8424}"
EndProject
Project("{FAE04EC0-301F-11D3-BF4B-00C04F79EFBC}") = "Assembly-CSharp-firstpass", "Assembly-CSharp-firstpass.csproj", "{C797E830-1013-40C5-53AA-DB78D8336EB1}"
EndProject
Project("{FAE04EC0-301F-11D3-BF4B-00C04F79EFBC}") = "Febucci.Attributes.Editor", "Febucci.Attributes.Editor.csproj", "{EDA19B1B-5778-FE82-B442-3D2BF80464D8}"
EndProject
Project("{FAE04EC0-301F-11D3-BF4B-00C04F79EFBC}") = "ExcelImporter.Editor", "ExcelImporter.Editor.csproj", "{68556550-D5BA-BC28-FD82-075BF33DD182}"
EndProject
Project("{FAE04EC0-301F-11D3-BF4B-00C04F79EFBC}") = "Febucci.Attributes.Runtime", "Febucci.Attributes.Runtime.csproj", "{F2790B7B-EF2E-B621-3DEE-0E286340EE2D}"
EndProject
Project("{FAE04EC0-301F-11D3-BF4B-00C04F79EFBC}") = "Febucci.TextAnimator.TMP.Runtime", "Febucci.TextAnimator.TMP.Runtime.csproj", "{79FCCD50-4D19-9F68-E074-A60183A48D23}"
EndProject
Project("{FAE04EC0-301F-11D3-BF4B-00C04F79EFBC}") = "Febucci.TextAnimator.Demo.Runtime", "Febucci.TextAnimator.Demo.Runtime.csproj", "{1969DC94-70B3-81C5-1E21-31208BD119C4}"
EndProject
Project("{FAE04EC0-301F-11D3-BF4B-00C04F79EFBC}") = "Assembly-CSharp-Editor-firstpass", "Assembly-CSharp-Editor-firstpass.csproj", "{F5A55B81-0C74-D7F3-3888-093749C6B2B2}"
EndProject
Project("{FAE04EC0-301F-11D3-BF4B-00C04F79EFBC}") = "ExcelImporter", "ExcelImporter.csproj", "{9898DB95-3DC4-0D51-8234-F615C949B1E1}"
EndProject
Global
	GlobalSection(SolutionConfigurationPlatforms) = preSolution
		Debug|Any CPU = Debug|Any CPU
		Release|Any CPU = Release|Any CPU
	EndGlobalSection
	GlobalSection(ProjectConfigurationPlatforms) = postSolution
		{2DED94AF-B7F3-6BE0-5122-F76869C83BA4}.Debug|Any CPU.ActiveCfg = Debug|Any CPU
		{2DED94AF-B7F3-6BE0-5122-F76869C83BA4}.Debug|Any CPU.Build.0 = Debug|Any CPU
		{2DED94AF-B7F3-6BE0-5122-F76869C83BA4}.Release|Any CPU.ActiveCfg = Release|Any CPU
		{2DED94AF-B7F3-6BE0-5122-F76869C83BA4}.Release|Any CPU.Build.0 = Release|Any CPU
		{241D6753-BB27-9D9D-4A64-6E68B23C5172}.Debug|Any CPU.ActiveCfg = Debug|Any CPU
		{241D6753-BB27-9D9D-4A64-6E68B23C5172}.Debug|Any CPU.Build.0 = Debug|Any CPU
		{241D6753-BB27-9D9D-4A64-6E68B23C5172}.Release|Any CPU.ActiveCfg = Release|Any CPU
		{241D6753-BB27-9D9D-4A64-6E68B23C5172}.Release|Any CPU.Build.0 = Release|Any CPU
		{F3263100-A7EA-F2FA-8BBA-59C4F2068278}.Debug|Any CPU.ActiveCfg = Debug|Any CPU
		{F3263100-A7EA-F2FA-8BBA-59C4F2068278}.Debug|Any CPU.Build.0 = Debug|Any CPU
		{F3263100-A7EA-F2FA-8BBA-59C4F2068278}.Release|Any CPU.ActiveCfg = Release|Any CPU
		{F3263100-A7EA-F2FA-8BBA-59C4F2068278}.Release|Any CPU.Build.0 = Release|Any CPU
		{E4056AD6-E5A7-8447-67D4-BCC58D2EF10D}.Debug|Any CPU.ActiveCfg = Debug|Any CPU
		{E4056AD6-E5A7-8447-67D4-BCC58D2EF10D}.Debug|Any CPU.Build.0 = Debug|Any CPU
		{E4056AD6-E5A7-8447-67D4-BCC58D2EF10D}.Release|Any CPU.ActiveCfg = Release|Any CPU
		{E4056AD6-E5A7-8447-67D4-BCC58D2EF10D}.Release|Any CPU.Build.0 = Release|Any CPU
		{AB0B18B9-3290-AEA5-B003-A43EA871AC92}.Debug|Any CPU.ActiveCfg = Debug|Any CPU
		{AB0B18B9-3290-AEA5-B003-A43EA871AC92}.Debug|Any CPU.Build.0 = Debug|Any CPU
		{AB0B18B9-3290-AEA5-B003-A43EA871AC92}.Release|Any CPU.ActiveCfg = Release|Any CPU
		{AB0B18B9-3290-AEA5-B003-A43EA871AC92}.Release|Any CPU.Build.0 = Release|Any CPU
		{B60518A3-571B-20A6-EE9F-F28DF3FE8424}.Debug|Any CPU.ActiveCfg = Debug|Any CPU
		{B60518A3-571B-20A6-EE9F-F28DF3FE8424}.Debug|Any CPU.Build.0 = Debug|Any CPU
		{B60518A3-571B-20A6-EE9F-F28DF3FE8424}.Release|Any CPU.ActiveCfg = Release|Any CPU
		{B60518A3-571B-20A6-EE9F-F28DF3FE8424}.Release|Any CPU.Build.0 = Release|Any CPU
		{C797E830-1013-40C5-53AA-DB78D8336EB1}.Debug|Any CPU.ActiveCfg = Debug|Any CPU
		{C797E830-1013-40C5-53AA-DB78D8336EB1}.Debug|Any CPU.Build.0 = Debug|Any CPU
		{C797E830-1013-40C5-53AA-DB78D8336EB1}.Release|Any CPU.ActiveCfg = Release|Any CPU
		{C797E830-1013-40C5-53AA-DB78D8336EB1}.Release|Any CPU.Build.0 = Release|Any CPU
		{EDA19B1B-5778-FE82-B442-3D2BF80464D8}.Debug|Any CPU.ActiveCfg = Debug|Any CPU
		{EDA19B1B-5778-FE82-B442-3D2BF80464D8}.Debug|Any CPU.Build.0 = Debug|Any CPU
		{EDA19B1B-5778-FE82-B442-3D2BF80464D8}.Release|Any CPU.ActiveCfg = Release|Any CPU
		{EDA19B1B-5778-FE82-B442-3D2BF80464D8}.Release|Any CPU.Build.0 = Release|Any CPU
		{68556550-D5BA-BC28-FD82-075BF33DD182}.Debug|Any CPU.ActiveCfg = Debug|Any CPU
		{68556550-D5BA-BC28-FD82-075BF33DD182}.Debug|Any CPU.Build.0 = Debug|Any CPU
		{68556550-D5BA-BC28-FD82-075BF33DD182}.Release|Any CPU.ActiveCfg = Release|Any CPU
		{68556550-D5BA-BC28-FD82-075BF33DD182}.Release|Any CPU.Build.0 = Release|Any CPU
		{F2790B7B-EF2E-B621-3DEE-0E286340EE2D}.Debug|Any CPU.ActiveCfg = Debug|Any CPU
		{F2790B7B-EF2E-B621-3DEE-0E286340EE2D}.Debug|Any CPU.Build.0 = Debug|Any CPU
		{F2790B7B-EF2E-B621-3DEE-0E286340EE2D}.Release|Any CPU.ActiveCfg = Release|Any CPU
		{F2790B7B-EF2E-B621-3DEE-0E286340EE2D}.Release|Any CPU.Build.0 = Release|Any CPU
		{79FCCD50-4D19-9F68-E074-A60183A48D23}.Debug|Any CPU.ActiveCfg = Debug|Any CPU
		{79FCCD50-4D19-9F68-E074-A60183A48D23}.Debug|Any CPU.Build.0 = Debug|Any CPU
		{79FCCD50-4D19-9F68-E074-A60183A48D23}.Release|Any CPU.ActiveCfg = Release|Any CPU
		{79FCCD50-4D19-9F68-E074-A60183A48D23}.Release|Any CPU.Build.0 = Release|Any CPU
		{1969DC94-70B3-81C5-1E21-31208BD119C4}.Debug|Any CPU.ActiveCfg = Debug|Any CPU
		{1969DC94-70B3-81C5-1E21-31208BD119C4}.Debug|Any CPU.Build.0 = Debug|Any CPU
		{1969DC94-70B3-81C5-1E21-31208BD119C4}.Release|Any CPU.ActiveCfg = Release|Any CPU
		{1969DC94-70B3-81C5-1E21-31208BD119C4}.Release|Any CPU.Build.0 = Release|Any CPU
		{F5A55B81-0C74-D7F3-3888-093749C6B2B2}.Debug|Any CPU.ActiveCfg = Debug|Any CPU
		{F5A55B81-0C74-D7F3-3888-093749C6B2B2}.Debug|Any CPU.Build.0 = Debug|Any CPU
		{F5A55B81-0C74-D7F3-3888-093749C6B2B2}.Release|Any CPU.ActiveCfg = Release|Any CPU
		{F5A55B81-0C74-D7F3-3888-093749C6B2B2}.Release|Any CPU.Build.0 = Release|Any CPU
		{9898DB95-3DC4-0D51-8234-F615C949B1E1}.Debug|Any CPU.ActiveCfg = Debug|Any CPU
		{9898DB95-3DC4-0D51-8234-F615C949B1E1}.Debug|Any CPU.Build.0 = Debug|Any CPU
		{9898DB95-3DC4-0D51-8234-F615C949B1E1}.Release|Any CPU.ActiveCfg = Release|Any CPU
		{9898DB95-3DC4-0D51-8234-F615C949B1E1}.Release|Any CPU.Build.0 = Release|Any CPU
	EndGlobalSection
	GlobalSection(SolutionProperties) = preSolution
		HideSolutionNode = FALSE
	EndGlobalSection
EndGlobal
